{
  "": {
    "dependencies": {
      "mutest": "_deps/cppmutest", 
      "singleton": "_deps/cpp-libsingleton"
    }
  }, 
  "_deps/cpp-libsingleton": {
    "commit": "3b887ed036bd936ab8606bc18284a33ad108a994", 
    "dependencies": {
      "mutest": "_deps/cppmutest"
    }, 
    "type": "git", 
    "url": "https://github.com/avakar/cpp-libsingleton.git"
  }, 
  "_deps/cppmutest": {
    "commit": "6e7f21ff4eaa903559d0398848cf2e8267142770", 
    "type": "git", 
    "url": "https://github.com/avakar/cppmutest.git"
  }
}