<?xml version="1.0" encoding="utf-8"?>
<Project ToolsVersion="4.0" xmlns="http://schemas.microsoft.com/developer/msbuild/2003">
  <ItemGroup>
    <None Include="test\libawait-test.vcxproj" />
  </ItemGroup>
  <ItemGroup>
    <ClInclude Include="await\result.h" />
    <ClInclude Include="await\detail\result_impl.h">
      <Filter>detail</Filter>
    </ClInclude>
    <ClInclude Include="await\detail\unit.h">
      <Filter>detail</Filter>
    </ClInclude>
    <ClInclude Include="await\task.h" />
    <ClInclude Include="await\detail\task_impl.h">
      <Filter>detail</Filter>
    </ClInclude>
    <ClInclude Include="await\detail\task_access.h">
      <Filter>detail</Filter>
    </ClInclude>
  </ItemGroup>
  <ItemGroup>
    <Filter Include="detail">
      <UniqueIdentifier>{68a49b94-10b6-4bd3-9b44-ff81c8ac5e84}</UniqueIdentifier>
    </Filter>
  </ItemGroup>
  <ItemGroup>
    <ClCompile Include="await\result.cpp" />
  </ItemGroup>
</Project>