
Microsoft Visual Studio Solution File, Format Version 12.00
# Visual Studio 14
VisualStudioVersion = 14.0.25123.0
MinimumVisualStudioVersion = 10.0.40219.1
Project("{8BC9CEB8-8B4A-11D0-8D11-00A0C91BC942}") = "cpp-libawait", "cpp-libawait.vcxproj", "{6371A442-C029-439A-87D1-FA9E50D24ABB}"
EndProject
Project("{8BC9CEB8-8B4A-11D0-8D11-00A0C91BC942}") = "libawait-test", "test\libawait-test.vcxproj", "{4E213B84-F9A1-448A-B8BC-2D5D6F878F37}"
EndProject
Global
	GlobalSection(SolutionConfigurationPlatforms) = preSolution
		Debug|x64 = Debug|x64
		Debug|x86 = Debug|x86
		Release|x64 = Release|x64
		Release|x86 = Release|x86
	EndGlobalSection
	GlobalSection(ProjectConfigurationPlatforms) = postSolution
		{6371A442-C029-439A-87D1-FA9E50D24ABB}.Debug|x64.ActiveCfg = Debug|x64
		{6371A442-C029-439A-87D1-FA9E50D24ABB}.Debug|x64.Build.0 = Debug|x64
		{6371A442-C029-439A-87D1-FA9E50D24ABB}.Debug|x86.ActiveCfg = Debug|Win32
		{6371A442-C029-439A-87D1-FA9E50D24ABB}.Debug|x86.Build.0 = Debug|Win32
		{6371A442-C029-439A-87D1-FA9E50D24ABB}.Release|x64.ActiveCfg = Release|x64
		{6371A442-C029-439A-87D1-FA9E50D24ABB}.Release|x64.Build.0 = Release|x64
		{6371A442-C029-439A-87D1-FA9E50D24ABB}.Release|x86.ActiveCfg = Release|Win32
		{6371A442-C029-439A-87D1-FA9E50D24ABB}.Release|x86.Build.0 = Release|Win32
		{4E213B84-F9A1-448A-B8BC-2D5D6F878F37}.Debug|x64.ActiveCfg = Debug|x64
		{4E213B84-F9A1-448A-B8BC-2D5D6F878F37}.Debug|x64.Build.0 = Debug|x64
		{4E213B84-F9A1-448A-B8BC-2D5D6F878F37}.Debug|x86.ActiveCfg = Debug|Win32
		{4E213B84-F9A1-448A-B8BC-2D5D6F878F37}.Debug|x86.Build.0 = Debug|Win32
		{4E213B84-F9A1-448A-B8BC-2D5D6F878F37}.Release|x64.ActiveCfg = Release|x64
		{4E213B84-F9A1-448A-B8BC-2D5D6F878F37}.Release|x64.Build.0 = Release|x64
		{4E213B84-F9A1-448A-B8BC-2D5D6F878F37}.Release|x86.ActiveCfg = Release|Win32
		{4E213B84-F9A1-448A-B8BC-2D5D6F878F37}.Release|x86.Build.0 = Release|Win32
	EndGlobalSection
	GlobalSection(SolutionProperties) = preSolution
		HideSolutionNode = FALSE
	EndGlobalSection
EndGlobal
